// !$*UTF8*$!
{
	archiveVersion = 1;
	classes = {
	};
	objectVersion = 56;
	objects = {

/* Begin PBXBuildFile section */
		1D55CE5F0F742E9B9E389881 /* Pods_Magalu_ChallengeTests.framework in Frameworks */ = {isa = PBXBuildFile; fileRef = CF360A24822AD9515E584695 /* Pods_Magalu_ChallengeTests.framework */; };
		31D2ACC9E4B7EF3EC7671405 /* Pods_Magalu_Challenge.framework in Frameworks */ = {isa = PBXBuildFile; fileRef = 4FF43A7FA509F320E0E00C61 /* Pods_Magalu_Challenge.framework */; };
		61BB66DF2CCAE85100B4CDB8 /* Magalu_ChallengeApp.swift in Sources */ = {isa = PBXBuildFile; fileRef = 61BB66DE2CCAE85100B4CDB8 /* Magalu_ChallengeApp.swift */; };
		61BB66F02CCAE85500B4CDB8 /* Magalu_ChallengeTests.swift in Sources */ = {isa = PBXBuildFile; fileRef = 61BB66EF2CCAE85500B4CDB8 /* Magalu_ChallengeTests.swift */; };
		9843F4FB2CCFBE8900A01E27 /* Assets.xcassets in Resources */ = {isa = PBXBuildFile; fileRef = 9843F4FA2CCFBE8900A01E27 /* Assets.xcassets */; };
		9843F4FF2CCFBEFA00A01E27 /* Preview Assets.xcassets in Resources */ = {isa = PBXBuildFile; fileRef = 9843F4FE2CCFBEFA00A01E27 /* Preview Assets.xcassets */; };
		9843F5012CCFD96000A01E27 /* DependecyInjector.swift in Sources */ = {isa = PBXBuildFile; fileRef = 9843F5002CCFD96000A01E27 /* DependecyInjector.swift */; };
		9843F5022CCFD96000A01E27 /* DependecyInjector.swift in Sources */ = {isa = PBXBuildFile; fileRef = 9843F5002CCFD96000A01E27 /* DependecyInjector.swift */; };
		9843F5062CCFE5D500A01E27 /* TestDependencyInjector.swift in Sources */ = {isa = PBXBuildFile; fileRef = 9843F5052CCFE5D500A01E27 /* TestDependencyInjector.swift */; };
		9843F5082CCFE61E00A01E27 /* MockNetworkService.swift in Sources */ = {isa = PBXBuildFile; fileRef = 9843F5072CCFE61E00A01E27 /* MockNetworkService.swift */; };
		9843F50A2CCFE6EC00A01E27 /* MockPopularListDataSource.swift in Sources */ = {isa = PBXBuildFile; fileRef = 9843F5092CCFE6EC00A01E27 /* MockPopularListDataSource.swift */; };
		9843F50C2CCFEAF600A01E27 /* MockGetPopularRepositoriesUseCase.swift in Sources */ = {isa = PBXBuildFile; fileRef = 9843F50B2CCFEAF600A01E27 /* MockGetPopularRepositoriesUseCase.swift */; };
		9843F50D2CCFEAF600A01E27 /* MockGetPopularRepositoriesUseCase.swift in Sources */ = {isa = PBXBuildFile; fileRef = 9843F50B2CCFEAF600A01E27 /* MockGetPopularRepositoriesUseCase.swift */; };
		9843F50F2CCFED1800A01E27 /* MockPopularListRepository.swift in Sources */ = {isa = PBXBuildFile; fileRef = 9843F50E2CCFED1800A01E27 /* MockPopularListRepository.swift */; };
		9843F5102CCFED1800A01E27 /* MockPopularListRepository.swift in Sources */ = {isa = PBXBuildFile; fileRef = 9843F50E2CCFED1800A01E27 /* MockPopularListRepository.swift */; };
		9843F51D2CCFEF8900A01E27 /* PullRequestUserEntityTests.swift in Sources */ = {isa = PBXBuildFile; fileRef = 9843F51C2CCFEF8900A01E27 /* PullRequestUserEntityTests.swift */; };
		9843F51F2CCFF00400A01E27 /* PullRequestEntityTests.swift in Sources */ = {isa = PBXBuildFile; fileRef = 9843F51E2CCFF00400A01E27 /* PullRequestEntityTests.swift */; };
		9843F5212CCFF2C100A01E27 /* GetPullRequestsUseCaseTests.swift in Sources */ = {isa = PBXBuildFile; fileRef = 9843F5202CCFF2C100A01E27 /* GetPullRequestsUseCaseTests.swift */; };
		9843F5232CCFF33400A01E27 /* MockPullRequestsRepository.swift in Sources */ = {isa = PBXBuildFile; fileRef = 9843F5222CCFF33400A01E27 /* MockPullRequestsRepository.swift */; };
		9843F5242CCFF33400A01E27 /* MockPullRequestsRepository.swift in Sources */ = {isa = PBXBuildFile; fileRef = 9843F5222CCFF33400A01E27 /* MockPullRequestsRepository.swift */; };
		9843F5272CCFF56000A01E27 /* PullRequestModelTests.swift in Sources */ = {isa = PBXBuildFile; fileRef = 9843F5262CCFF56000A01E27 /* PullRequestModelTests.swift */; };
		9843F5292CCFF56D00A01E27 /* PullRequestUserModelTests.swift in Sources */ = {isa = PBXBuildFile; fileRef = 9843F5282CCFF56D00A01E27 /* PullRequestUserModelTests.swift */; };
		9843F52C2CCFF89900A01E27 /* PullRequestsRepositoryTests.swift in Sources */ = {isa = PBXBuildFile; fileRef = 9843F52B2CCFF89900A01E27 /* PullRequestsRepositoryTests.swift */; };
		9843F52E2CCFF8E900A01E27 /* MockPullRequestsDataSource.swift in Sources */ = {isa = PBXBuildFile; fileRef = 9843F52D2CCFF8E900A01E27 /* MockPullRequestsDataSource.swift */; };
		9843F52F2CCFF8E900A01E27 /* MockPullRequestsDataSource.swift in Sources */ = {isa = PBXBuildFile; fileRef = 9843F52D2CCFF8E900A01E27 /* MockPullRequestsDataSource.swift */; };
		9843F5322CCFFA5D00A01E27 /* PullRequestsDatasourceTests.swift in Sources */ = {isa = PBXBuildFile; fileRef = 9843F5312CCFFA5D00A01E27 /* PullRequestsDatasourceTests.swift */; };
		9843F5352CCFFCC900A01E27 /* ListPullRequestsViewModelTests.swift in Sources */ = {isa = PBXBuildFile; fileRef = 9843F5342CCFFCC900A01E27 /* ListPullRequestsViewModelTests.swift */; };
		9843F5372CCFFD0800A01E27 /* MockGetPullRequestsUseCase.swift in Sources */ = {isa = PBXBuildFile; fileRef = 9843F5362CCFFD0800A01E27 /* MockGetPullRequestsUseCase.swift */; };
		9843F5382CCFFD0800A01E27 /* MockGetPullRequestsUseCase.swift in Sources */ = {isa = PBXBuildFile; fileRef = 9843F5362CCFFD0800A01E27 /* MockGetPullRequestsUseCase.swift */; };
		9843F53A2CD00E4F00A01E27 /* PullRequestWebViewUIView.swift in Sources */ = {isa = PBXBuildFile; fileRef = 9843F5392CD00E4F00A01E27 /* PullRequestWebViewUIView.swift */; };
		9843F53B2CD00E4F00A01E27 /* PullRequestWebViewUIView.swift in Sources */ = {isa = PBXBuildFile; fileRef = 9843F5392CD00E4F00A01E27 /* PullRequestWebViewUIView.swift */; };
		9897B3F32CCC2A4600651C91 /* NetworkService.swift in Sources */ = {isa = PBXBuildFile; fileRef = 9897B3DD2CCC2A4600651C91 /* NetworkService.swift */; };
		9897B3F42CCC2A4600651C91 /* PopularListDataSource.swift in Sources */ = {isa = PBXBuildFile; fileRef = 9897B3E02CCC2A4600651C91 /* PopularListDataSource.swift */; };
		9897B3F52CCC2A4600651C91 /* OwnerModel.swift in Sources */ = {isa = PBXBuildFile; fileRef = 9897B3E22CCC2A4600651C91 /* OwnerModel.swift */; };
		9897B3F62CCC2A4600651C91 /* PopularListModel.swift in Sources */ = {isa = PBXBuildFile; fileRef = 9897B3E32CCC2A4600651C91 /* PopularListModel.swift */; };
		9897B3F72CCC2A4600651C91 /* RepositoryModel.swift in Sources */ = {isa = PBXBuildFile; fileRef = 9897B3E42CCC2A4600651C91 /* RepositoryModel.swift */; };
		9897B3F82CCC2A4600651C91 /* PopularListRepository.swift in Sources */ = {isa = PBXBuildFile; fileRef = 9897B3E62CCC2A4600651C91 /* PopularListRepository.swift */; };
		9897B3F92CCC2A4600651C91 /* OwnerEntity.swift in Sources */ = {isa = PBXBuildFile; fileRef = 9897B3EA2CCC2A4600651C91 /* OwnerEntity.swift */; };
		9897B3FA2CCC2A4600651C91 /* RepositoryEntity.swift in Sources */ = {isa = PBXBuildFile; fileRef = 9897B3EB2CCC2A4600651C91 /* RepositoryEntity.swift */; };
		9897B3FB2CCC2A4600651C91 /* PopularListRepositoryProtocol.swift in Sources */ = {isa = PBXBuildFile; fileRef = 9897B3ED2CCC2A4600651C91 /* PopularListRepositoryProtocol.swift */; };
		9897B3FC2CCC2A4600651C91 /* GetPopularRepositoriesUseCase.swift in Sources */ = {isa = PBXBuildFile; fileRef = 9897B3EF2CCC2A4600651C91 /* GetPopularRepositoriesUseCase.swift */; };
		9897B4012CCC2B7D00651C91 /* ItemRepositoryUIView.swift in Sources */ = {isa = PBXBuildFile; fileRef = 9897B4002CCC2B7D00651C91 /* ItemRepositoryUIView.swift */; };
		9897B4052CCC2D6500651C91 /* ListRepositoriesUIView.swift in Sources */ = {isa = PBXBuildFile; fileRef = 9897B4042CCC2D6500651C91 /* ListRepositoriesUIView.swift */; };
		9897B4082CCC2E6F00651C91 /* ListPullRequestsUIView.swift in Sources */ = {isa = PBXBuildFile; fileRef = 9897B4072CCC2E6F00651C91 /* ListPullRequestsUIView.swift */; };
		9897B40B2CCC3DA400651C91 /* ListRepositoriesViewModel.swift in Sources */ = {isa = PBXBuildFile; fileRef = 9897B40A2CCC3DA400651C91 /* ListRepositoriesViewModel.swift */; };
		98B793192CCE8E24006769DF /* ListViewModelTests.swift in Sources */ = {isa = PBXBuildFile; fileRef = 98B793182CCE8E24006769DF /* ListViewModelTests.swift */; };
		98B7931A2CCE8F2C006769DF /* ListRepositoriesViewModel.swift in Sources */ = {isa = PBXBuildFile; fileRef = 9897B40A2CCC3DA400651C91 /* ListRepositoriesViewModel.swift */; };
		98B7931F2CCEA098006769DF /* GetPullRequestsUseCase.swift in Sources */ = {isa = PBXBuildFile; fileRef = 98B7931E2CCEA098006769DF /* GetPullRequestsUseCase.swift */; };
		98B793202CCEA098006769DF /* GetPullRequestsUseCase.swift in Sources */ = {isa = PBXBuildFile; fileRef = 98B7931E2CCEA098006769DF /* GetPullRequestsUseCase.swift */; };
		98B793232CCEA0E4006769DF /* PullRequestEntity.swift in Sources */ = {isa = PBXBuildFile; fileRef = 98B793222CCEA0E4006769DF /* PullRequestEntity.swift */; };
		98B793242CCEA0E4006769DF /* PullRequestEntity.swift in Sources */ = {isa = PBXBuildFile; fileRef = 98B793222CCEA0E4006769DF /* PullRequestEntity.swift */; };
		98B793272CCEA13F006769DF /* PullRequestsRepositoryProtocol.swift in Sources */ = {isa = PBXBuildFile; fileRef = 98B793262CCEA13F006769DF /* PullRequestsRepositoryProtocol.swift */; };
		98B793282CCEA13F006769DF /* PullRequestsRepositoryProtocol.swift in Sources */ = {isa = PBXBuildFile; fileRef = 98B793262CCEA13F006769DF /* PullRequestsRepositoryProtocol.swift */; };
		98B7932B2CCEA20F006769DF /* PullRequestsDatasource.swift in Sources */ = {isa = PBXBuildFile; fileRef = 98B7932A2CCEA20F006769DF /* PullRequestsDatasource.swift */; };
		98B7932C2CCEA20F006769DF /* PullRequestsDatasource.swift in Sources */ = {isa = PBXBuildFile; fileRef = 98B7932A2CCEA20F006769DF /* PullRequestsDatasource.swift */; };
		98B7932F2CCEA5DA006769DF /* PullRequestModel.swift in Sources */ = {isa = PBXBuildFile; fileRef = 98B7932E2CCEA5DA006769DF /* PullRequestModel.swift */; };
		98B793302CCEA5DA006769DF /* PullRequestModel.swift in Sources */ = {isa = PBXBuildFile; fileRef = 98B7932E2CCEA5DA006769DF /* PullRequestModel.swift */; };
		98B793322CCEA83E006769DF /* PullRequestUserModel.swift in Sources */ = {isa = PBXBuildFile; fileRef = 98B793312CCEA83E006769DF /* PullRequestUserModel.swift */; };
		98B793332CCEA83E006769DF /* PullRequestUserModel.swift in Sources */ = {isa = PBXBuildFile; fileRef = 98B793312CCEA83E006769DF /* PullRequestUserModel.swift */; };
		98B793362CCEA97C006769DF /* PullRequestsRepository.swift in Sources */ = {isa = PBXBuildFile; fileRef = 98B793352CCEA97C006769DF /* PullRequestsRepository.swift */; };
		98B793372CCEA97C006769DF /* PullRequestsRepository.swift in Sources */ = {isa = PBXBuildFile; fileRef = 98B793352CCEA97C006769DF /* PullRequestsRepository.swift */; };
		98B793392CCEAA5F006769DF /* PullRequestUserEntity.swift in Sources */ = {isa = PBXBuildFile; fileRef = 98B793382CCEAA5F006769DF /* PullRequestUserEntity.swift */; };
		98B7933A2CCEAA5F006769DF /* PullRequestUserEntity.swift in Sources */ = {isa = PBXBuildFile; fileRef = 98B793382CCEAA5F006769DF /* PullRequestUserEntity.swift */; };
		98B7933E2CCEAC22006769DF /* ListPullRequestsViewModel.swift in Sources */ = {isa = PBXBuildFile; fileRef = 98B7933D2CCEAC22006769DF /* ListPullRequestsViewModel.swift */; };
		98B7933F2CCEAC22006769DF /* ListPullRequestsViewModel.swift in Sources */ = {isa = PBXBuildFile; fileRef = 98B7933D2CCEAC22006769DF /* ListPullRequestsViewModel.swift */; };
		98B793452CCEAF4D006769DF /* ItemPullRequestUIView.swift in Sources */ = {isa = PBXBuildFile; fileRef = 98B793442CCEAF4D006769DF /* ItemPullRequestUIView.swift */; };
		98B793462CCEAF4D006769DF /* ItemPullRequestUIView.swift in Sources */ = {isa = PBXBuildFile; fileRef = 98B793442CCEAF4D006769DF /* ItemPullRequestUIView.swift */; };
		98E41E6A2CCEC84900D28B98 /* LoadingView.swift in Sources */ = {isa = PBXBuildFile; fileRef = 98E41E692CCEC84900D28B98 /* LoadingView.swift */; };
		98F1E2422CCD7774003CE49E /* NetworkService.swift in Sources */ = {isa = PBXBuildFile; fileRef = 9897B3DD2CCC2A4600651C91 /* NetworkService.swift */; };
		98F1E2452CCD7792003CE49E /* AppStrings.swift in Sources */ = {isa = PBXBuildFile; fileRef = 98F1E2432CCD7792003CE49E /* AppStrings.swift */; };
		98F1E2462CCD77C3003CE49E /* AppStrings.swift in Sources */ = {isa = PBXBuildFile; fileRef = 98F1E2432CCD7792003CE49E /* AppStrings.swift */; };
		98F1E24E2CCD7846003CE49E /* OwnerEntityTests.swift in Sources */ = {isa = PBXBuildFile; fileRef = 98F1E2472CCD7846003CE49E /* OwnerEntityTests.swift */; };
		98F1E24F2CCD7846003CE49E /* RepositoryEntityTests.swift in Sources */ = {isa = PBXBuildFile; fileRef = 98F1E2482CCD7846003CE49E /* RepositoryEntityTests.swift */; };
		98F1E2502CCD7846003CE49E /* GetPopularRepositoriesUseCaseTests.swift in Sources */ = {isa = PBXBuildFile; fileRef = 98F1E24A2CCD7846003CE49E /* GetPopularRepositoriesUseCaseTests.swift */; };
		98F1E2512CCD7863003CE49E /* OwnerEntity.swift in Sources */ = {isa = PBXBuildFile; fileRef = 9897B3EA2CCC2A4600651C91 /* OwnerEntity.swift */; };
		98F1E2522CCD7872003CE49E /* OwnerModel.swift in Sources */ = {isa = PBXBuildFile; fileRef = 9897B3E22CCC2A4600651C91 /* OwnerModel.swift */; };
		98F1E2532CCD7874003CE49E /* PopularListModel.swift in Sources */ = {isa = PBXBuildFile; fileRef = 9897B3E32CCC2A4600651C91 /* PopularListModel.swift */; };
		98F1E2542CCD7876003CE49E /* RepositoryModel.swift in Sources */ = {isa = PBXBuildFile; fileRef = 9897B3E42CCC2A4600651C91 /* RepositoryModel.swift */; };
		98F1E2552CCD787C003CE49E /* RepositoryEntity.swift in Sources */ = {isa = PBXBuildFile; fileRef = 9897B3EB2CCC2A4600651C91 /* RepositoryEntity.swift */; };
		98F1E2562CCD7897003CE49E /* PopularListRepositoryProtocol.swift in Sources */ = {isa = PBXBuildFile; fileRef = 9897B3ED2CCC2A4600651C91 /* PopularListRepositoryProtocol.swift */; };
		98F1E2572CCD78B1003CE49E /* GetPopularRepositoriesUseCase.swift in Sources */ = {isa = PBXBuildFile; fileRef = 9897B3EF2CCC2A4600651C91 /* GetPopularRepositoriesUseCase.swift */; };
		98F1E2582CCD78B8003CE49E /* PopularListRepository.swift in Sources */ = {isa = PBXBuildFile; fileRef = 9897B3E62CCC2A4600651C91 /* PopularListRepository.swift */; };
		98F1E2592CCD78C1003CE49E /* PopularListDataSource.swift in Sources */ = {isa = PBXBuildFile; fileRef = 9897B3E02CCC2A4600651C91 /* PopularListDataSource.swift */; };
		98F1E25E2CCD7A4F003CE49E /* OwnerModelTests.swift in Sources */ = {isa = PBXBuildFile; fileRef = 98F1E25D2CCD7A4F003CE49E /* OwnerModelTests.swift */; };
		98F1E2602CCD7E30003CE49E /* RepositoryModelTests.swift in Sources */ = {isa = PBXBuildFile; fileRef = 98F1E25F2CCD7E30003CE49E /* RepositoryModelTests.swift */; };
		98F1E2622CCD7F4E003CE49E /* PopularListModelTests.swift in Sources */ = {isa = PBXBuildFile; fileRef = 98F1E2612CCD7F4E003CE49E /* PopularListModelTests.swift */; };
		98F1E2652CCD85CC003CE49E /* PopularListRepositoryTests.swift in Sources */ = {isa = PBXBuildFile; fileRef = 98F1E2642CCD85CC003CE49E /* PopularListRepositoryTests.swift */; };
		98F1E2682CCDA11B003CE49E /* PopularListDataSourceTests.swift in Sources */ = {isa = PBXBuildFile; fileRef = 98F1E2672CCDA11B003CE49E /* PopularListDataSourceTests.swift */; };
/* End PBXBuildFile section */

/* Begin PBXContainerItemProxy section */
		61BB66EC2CCAE85500B4CDB8 /* PBXContainerItemProxy */ = {
			isa = PBXContainerItemProxy;
			containerPortal = 61BB66D32CCAE85100B4CDB8 /* Project object */;
			proxyType = 1;
			remoteGlobalIDString = 61BB66DA2CCAE85100B4CDB8;
			remoteInfo = "Magalu Challenge";
		};
/* End PBXContainerItemProxy section */

/* Begin PBXFileReference section */
		2F0983B017B85468386468E2 /* Pods-Magalu ChallengeTests.release.xcconfig */ = {isa = PBXFileReference; includeInIndex = 1; lastKnownFileType = text.xcconfig; name = "Pods-Magalu ChallengeTests.release.xcconfig"; path = "Target Support Files/Pods-Magalu ChallengeTests/Pods-Magalu ChallengeTests.release.xcconfig"; sourceTree = "<group>"; };
		4FF43A7FA509F320E0E00C61 /* Pods_Magalu_Challenge.framework */ = {isa = PBXFileReference; explicitFileType = wrapper.framework; includeInIndex = 0; path = Pods_Magalu_Challenge.framework; sourceTree = BUILT_PRODUCTS_DIR; };
		61BB66DB2CCAE85100B4CDB8 /* Magalu Challenge.app */ = {isa = PBXFileReference; explicitFileType = wrapper.application; includeInIndex = 0; path = "Magalu Challenge.app"; sourceTree = BUILT_PRODUCTS_DIR; };
		61BB66DE2CCAE85100B4CDB8 /* Magalu_ChallengeApp.swift */ = {isa = PBXFileReference; lastKnownFileType = sourcecode.swift; path = Magalu_ChallengeApp.swift; sourceTree = "<group>"; };
		61BB66EB2CCAE85500B4CDB8 /* Magalu ChallengeTests.xctest */ = {isa = PBXFileReference; explicitFileType = wrapper.cfbundle; includeInIndex = 0; path = "Magalu ChallengeTests.xctest"; sourceTree = BUILT_PRODUCTS_DIR; };
		61BB66EF2CCAE85500B4CDB8 /* Magalu_ChallengeTests.swift */ = {isa = PBXFileReference; lastKnownFileType = sourcecode.swift; path = Magalu_ChallengeTests.swift; sourceTree = "<group>"; };
		6A02CE3518D897759864C514 /* Pods-Magalu Challenge-Magalu ChallengeUITests.release.xcconfig */ = {isa = PBXFileReference; includeInIndex = 1; lastKnownFileType = text.xcconfig; name = "Pods-Magalu Challenge-Magalu ChallengeUITests.release.xcconfig"; path = "Target Support Files/Pods-Magalu Challenge-Magalu ChallengeUITests/Pods-Magalu Challenge-Magalu ChallengeUITests.release.xcconfig"; sourceTree = "<group>"; };
		9843F4FA2CCFBE8900A01E27 /* Assets.xcassets */ = {isa = PBXFileReference; lastKnownFileType = folder.assetcatalog; path = Assets.xcassets; sourceTree = "<group>"; };
		9843F4FE2CCFBEFA00A01E27 /* Preview Assets.xcassets */ = {isa = PBXFileReference; lastKnownFileType = folder.assetcatalog; path = "Preview Assets.xcassets"; sourceTree = "<group>"; };
		9843F5002CCFD96000A01E27 /* DependecyInjector.swift */ = {isa = PBXFileReference; lastKnownFileType = sourcecode.swift; path = DependecyInjector.swift; sourceTree = "<group>"; };
		9843F5052CCFE5D500A01E27 /* TestDependencyInjector.swift */ = {isa = PBXFileReference; lastKnownFileType = sourcecode.swift; path = TestDependencyInjector.swift; sourceTree = "<group>"; };
		9843F5072CCFE61E00A01E27 /* MockNetworkService.swift */ = {isa = PBXFileReference; lastKnownFileType = sourcecode.swift; path = MockNetworkService.swift; sourceTree = "<group>"; };
		9843F5092CCFE6EC00A01E27 /* MockPopularListDataSource.swift */ = {isa = PBXFileReference; lastKnownFileType = sourcecode.swift; path = MockPopularListDataSource.swift; sourceTree = "<group>"; };
		9843F50B2CCFEAF600A01E27 /* MockGetPopularRepositoriesUseCase.swift */ = {isa = PBXFileReference; lastKnownFileType = sourcecode.swift; path = MockGetPopularRepositoriesUseCase.swift; sourceTree = "<group>"; };
		9843F50E2CCFED1800A01E27 /* MockPopularListRepository.swift */ = {isa = PBXFileReference; lastKnownFileType = sourcecode.swift; path = MockPopularListRepository.swift; sourceTree = "<group>"; };
		9843F51C2CCFEF8900A01E27 /* PullRequestUserEntityTests.swift */ = {isa = PBXFileReference; lastKnownFileType = sourcecode.swift; path = PullRequestUserEntityTests.swift; sourceTree = "<group>"; };
		9843F51E2CCFF00400A01E27 /* PullRequestEntityTests.swift */ = {isa = PBXFileReference; lastKnownFileType = sourcecode.swift; path = PullRequestEntityTests.swift; sourceTree = "<group>"; };
		9843F5202CCFF2C100A01E27 /* GetPullRequestsUseCaseTests.swift */ = {isa = PBXFileReference; lastKnownFileType = sourcecode.swift; path = GetPullRequestsUseCaseTests.swift; sourceTree = "<group>"; };
		9843F5222CCFF33400A01E27 /* MockPullRequestsRepository.swift */ = {isa = PBXFileReference; lastKnownFileType = sourcecode.swift; path = MockPullRequestsRepository.swift; sourceTree = "<group>"; };
		9843F5262CCFF56000A01E27 /* PullRequestModelTests.swift */ = {isa = PBXFileReference; lastKnownFileType = sourcecode.swift; path = PullRequestModelTests.swift; sourceTree = "<group>"; };
		9843F5282CCFF56D00A01E27 /* PullRequestUserModelTests.swift */ = {isa = PBXFileReference; lastKnownFileType = sourcecode.swift; path = PullRequestUserModelTests.swift; sourceTree = "<group>"; };
		9843F52B2CCFF89900A01E27 /* PullRequestsRepositoryTests.swift */ = {isa = PBXFileReference; lastKnownFileType = sourcecode.swift; path = PullRequestsRepositoryTests.swift; sourceTree = "<group>"; };
		9843F52D2CCFF8E900A01E27 /* MockPullRequestsDataSource.swift */ = {isa = PBXFileReference; lastKnownFileType = sourcecode.swift; path = MockPullRequestsDataSource.swift; sourceTree = "<group>"; };
		9843F5312CCFFA5D00A01E27 /* PullRequestsDatasourceTests.swift */ = {isa = PBXFileReference; lastKnownFileType = sourcecode.swift; path = PullRequestsDatasourceTests.swift; sourceTree = "<group>"; };
		9843F5342CCFFCC900A01E27 /* ListPullRequestsViewModelTests.swift */ = {isa = PBXFileReference; lastKnownFileType = sourcecode.swift; path = ListPullRequestsViewModelTests.swift; sourceTree = "<group>"; };
		9843F5362CCFFD0800A01E27 /* MockGetPullRequestsUseCase.swift */ = {isa = PBXFileReference; lastKnownFileType = sourcecode.swift; path = MockGetPullRequestsUseCase.swift; sourceTree = "<group>"; };
		9843F5392CD00E4F00A01E27 /* PullRequestWebViewUIView.swift */ = {isa = PBXFileReference; lastKnownFileType = sourcecode.swift; path = PullRequestWebViewUIView.swift; sourceTree = "<group>"; };
		9897B3DD2CCC2A4600651C91 /* NetworkService.swift */ = {isa = PBXFileReference; fileEncoding = 4; lastKnownFileType = sourcecode.swift; path = NetworkService.swift; sourceTree = "<group>"; };
		9897B3E02CCC2A4600651C91 /* PopularListDataSource.swift */ = {isa = PBXFileReference; fileEncoding = 4; lastKnownFileType = sourcecode.swift; path = PopularListDataSource.swift; sourceTree = "<group>"; };
		9897B3E22CCC2A4600651C91 /* OwnerModel.swift */ = {isa = PBXFileReference; fileEncoding = 4; lastKnownFileType = sourcecode.swift; path = OwnerModel.swift; sourceTree = "<group>"; };
		9897B3E32CCC2A4600651C91 /* PopularListModel.swift */ = {isa = PBXFileReference; fileEncoding = 4; lastKnownFileType = sourcecode.swift; path = PopularListModel.swift; sourceTree = "<group>"; };
		9897B3E42CCC2A4600651C91 /* RepositoryModel.swift */ = {isa = PBXFileReference; fileEncoding = 4; lastKnownFileType = sourcecode.swift; path = RepositoryModel.swift; sourceTree = "<group>"; };
		9897B3E62CCC2A4600651C91 /* PopularListRepository.swift */ = {isa = PBXFileReference; fileEncoding = 4; lastKnownFileType = sourcecode.swift; path = PopularListRepository.swift; sourceTree = "<group>"; };
		9897B3EA2CCC2A4600651C91 /* OwnerEntity.swift */ = {isa = PBXFileReference; fileEncoding = 4; lastKnownFileType = sourcecode.swift; path = OwnerEntity.swift; sourceTree = "<group>"; };
		9897B3EB2CCC2A4600651C91 /* RepositoryEntity.swift */ = {isa = PBXFileReference; fileEncoding = 4; lastKnownFileType = sourcecode.swift; path = RepositoryEntity.swift; sourceTree = "<group>"; };
		9897B3ED2CCC2A4600651C91 /* PopularListRepositoryProtocol.swift */ = {isa = PBXFileReference; fileEncoding = 4; lastKnownFileType = sourcecode.swift; path = PopularListRepositoryProtocol.swift; sourceTree = "<group>"; };
		9897B3EF2CCC2A4600651C91 /* GetPopularRepositoriesUseCase.swift */ = {isa = PBXFileReference; fileEncoding = 4; lastKnownFileType = sourcecode.swift; path = GetPopularRepositoriesUseCase.swift; sourceTree = "<group>"; };
		9897B4002CCC2B7D00651C91 /* ItemRepositoryUIView.swift */ = {isa = PBXFileReference; lastKnownFileType = sourcecode.swift; path = ItemRepositoryUIView.swift; sourceTree = "<group>"; };
		9897B4042CCC2D6500651C91 /* ListRepositoriesUIView.swift */ = {isa = PBXFileReference; lastKnownFileType = sourcecode.swift; path = ListRepositoriesUIView.swift; sourceTree = "<group>"; };
		9897B4072CCC2E6F00651C91 /* ListPullRequestsUIView.swift */ = {isa = PBXFileReference; lastKnownFileType = sourcecode.swift; path = ListPullRequestsUIView.swift; sourceTree = "<group>"; };
		9897B40A2CCC3DA400651C91 /* ListRepositoriesViewModel.swift */ = {isa = PBXFileReference; lastKnownFileType = sourcecode.swift; path = ListRepositoriesViewModel.swift; sourceTree = "<group>"; };
		98B793182CCE8E24006769DF /* ListViewModelTests.swift */ = {isa = PBXFileReference; lastKnownFileType = sourcecode.swift; path = ListViewModelTests.swift; sourceTree = "<group>"; };
		98B7931E2CCEA098006769DF /* GetPullRequestsUseCase.swift */ = {isa = PBXFileReference; lastKnownFileType = sourcecode.swift; path = GetPullRequestsUseCase.swift; sourceTree = "<group>"; };
		98B793222CCEA0E4006769DF /* PullRequestEntity.swift */ = {isa = PBXFileReference; lastKnownFileType = sourcecode.swift; path = PullRequestEntity.swift; sourceTree = "<group>"; };
		98B793262CCEA13F006769DF /* PullRequestsRepositoryProtocol.swift */ = {isa = PBXFileReference; lastKnownFileType = sourcecode.swift; path = PullRequestsRepositoryProtocol.swift; sourceTree = "<group>"; };
		98B7932A2CCEA20F006769DF /* PullRequestsDatasource.swift */ = {isa = PBXFileReference; lastKnownFileType = sourcecode.swift; path = PullRequestsDatasource.swift; sourceTree = "<group>"; };
		98B7932E2CCEA5DA006769DF /* PullRequestModel.swift */ = {isa = PBXFileReference; lastKnownFileType = sourcecode.swift; path = PullRequestModel.swift; sourceTree = "<group>"; };
		98B793312CCEA83E006769DF /* PullRequestUserModel.swift */ = {isa = PBXFileReference; lastKnownFileType = sourcecode.swift; path = PullRequestUserModel.swift; sourceTree = "<group>"; };
		98B793352CCEA97C006769DF /* PullRequestsRepository.swift */ = {isa = PBXFileReference; lastKnownFileType = sourcecode.swift; path = PullRequestsRepository.swift; sourceTree = "<group>"; };
		98B793382CCEAA5F006769DF /* PullRequestUserEntity.swift */ = {isa = PBXFileReference; lastKnownFileType = sourcecode.swift; path = PullRequestUserEntity.swift; sourceTree = "<group>"; };
		98B7933D2CCEAC22006769DF /* ListPullRequestsViewModel.swift */ = {isa = PBXFileReference; lastKnownFileType = sourcecode.swift; path = ListPullRequestsViewModel.swift; sourceTree = "<group>"; };
		98B793442CCEAF4D006769DF /* ItemPullRequestUIView.swift */ = {isa = PBXFileReference; lastKnownFileType = sourcecode.swift; path = ItemPullRequestUIView.swift; sourceTree = "<group>"; };
		98E41E692CCEC84900D28B98 /* LoadingView.swift */ = {isa = PBXFileReference; lastKnownFileType = sourcecode.swift; path = LoadingView.swift; sourceTree = "<group>"; };
		98F1E2432CCD7792003CE49E /* AppStrings.swift */ = {isa = PBXFileReference; fileEncoding = 4; lastKnownFileType = sourcecode.swift; path = AppStrings.swift; sourceTree = "<group>"; };
		98F1E2472CCD7846003CE49E /* OwnerEntityTests.swift */ = {isa = PBXFileReference; fileEncoding = 4; lastKnownFileType = sourcecode.swift; path = OwnerEntityTests.swift; sourceTree = "<group>"; };
		98F1E2482CCD7846003CE49E /* RepositoryEntityTests.swift */ = {isa = PBXFileReference; fileEncoding = 4; lastKnownFileType = sourcecode.swift; path = RepositoryEntityTests.swift; sourceTree = "<group>"; };
		98F1E24A2CCD7846003CE49E /* GetPopularRepositoriesUseCaseTests.swift */ = {isa = PBXFileReference; fileEncoding = 4; lastKnownFileType = sourcecode.swift; path = GetPopularRepositoriesUseCaseTests.swift; sourceTree = "<group>"; };
		98F1E25D2CCD7A4F003CE49E /* OwnerModelTests.swift */ = {isa = PBXFileReference; lastKnownFileType = sourcecode.swift; path = OwnerModelTests.swift; sourceTree = "<group>"; };
		98F1E25F2CCD7E30003CE49E /* RepositoryModelTests.swift */ = {isa = PBXFileReference; lastKnownFileType = sourcecode.swift; path = RepositoryModelTests.swift; sourceTree = "<group>"; };
		98F1E2612CCD7F4E003CE49E /* PopularListModelTests.swift */ = {isa = PBXFileReference; lastKnownFileType = sourcecode.swift; path = PopularListModelTests.swift; sourceTree = "<group>"; };
		98F1E2642CCD85CC003CE49E /* PopularListRepositoryTests.swift */ = {isa = PBXFileReference; lastKnownFileType = sourcecode.swift; path = PopularListRepositoryTests.swift; sourceTree = "<group>"; };
		98F1E2672CCDA11B003CE49E /* PopularListDataSourceTests.swift */ = {isa = PBXFileReference; lastKnownFileType = sourcecode.swift; path = PopularListDataSourceTests.swift; sourceTree = "<group>"; };
		A1BDFD2D7E75DD2B105A2FF3 /* Pods-Magalu Challenge.debug.xcconfig */ = {isa = PBXFileReference; includeInIndex = 1; lastKnownFileType = text.xcconfig; name = "Pods-Magalu Challenge.debug.xcconfig"; path = "Target Support Files/Pods-Magalu Challenge/Pods-Magalu Challenge.debug.xcconfig"; sourceTree = "<group>"; };
		B2E8FC9252229FCE776F219A /* Pods-Magalu Challenge-Magalu ChallengeUITests.debug.xcconfig */ = {isa = PBXFileReference; includeInIndex = 1; lastKnownFileType = text.xcconfig; name = "Pods-Magalu Challenge-Magalu ChallengeUITests.debug.xcconfig"; path = "Target Support Files/Pods-Magalu Challenge-Magalu ChallengeUITests/Pods-Magalu Challenge-Magalu ChallengeUITests.debug.xcconfig"; sourceTree = "<group>"; };
		C42D73A2B6467D00663A4987 /* Pods-Magalu Challenge.release.xcconfig */ = {isa = PBXFileReference; includeInIndex = 1; lastKnownFileType = text.xcconfig; name = "Pods-Magalu Challenge.release.xcconfig"; path = "Target Support Files/Pods-Magalu Challenge/Pods-Magalu Challenge.release.xcconfig"; sourceTree = "<group>"; };
		CF360A24822AD9515E584695 /* Pods_Magalu_ChallengeTests.framework */ = {isa = PBXFileReference; explicitFileType = wrapper.framework; includeInIndex = 0; path = Pods_Magalu_ChallengeTests.framework; sourceTree = BUILT_PRODUCTS_DIR; };
		EDF4BBB39A48F61385D6D226 /* Pods-Magalu ChallengeTests.debug.xcconfig */ = {isa = PBXFileReference; includeInIndex = 1; lastKnownFileType = text.xcconfig; name = "Pods-Magalu ChallengeTests.debug.xcconfig"; path = "Target Support Files/Pods-Magalu ChallengeTests/Pods-Magalu ChallengeTests.debug.xcconfig"; sourceTree = "<group>"; };
		F4AA5AA3A06E248FC83823C6 /* Pods_Magalu_Challenge_Magalu_ChallengeUITests.framework */ = {isa = PBXFileReference; explicitFileType = wrapper.framework; includeInIndex = 0; path = Pods_Magalu_Challenge_Magalu_ChallengeUITests.framework; sourceTree = BUILT_PRODUCTS_DIR; };
/* End PBXFileReference section */

/* Begin PBXFrameworksBuildPhase section */
		61BB66D82CCAE85100B4CDB8 /* Frameworks */ = {
			isa = PBXFrameworksBuildPhase;
			buildActionMask = 2147483647;
			files = (
				31D2ACC9E4B7EF3EC7671405 /* Pods_Magalu_Challenge.framework in Frameworks */,
			);
			runOnlyForDeploymentPostprocessing = 0;
		};
		61BB66E82CCAE85500B4CDB8 /* Frameworks */ = {
			isa = PBXFrameworksBuildPhase;
			buildActionMask = 2147483647;
			files = (
				1D55CE5F0F742E9B9E389881 /* Pods_Magalu_ChallengeTests.framework in Frameworks */,
			);
			runOnlyForDeploymentPostprocessing = 0;
		};
/* End PBXFrameworksBuildPhase section */

/* Begin PBXGroup section */
		61BB66D22CCAE85100B4CDB8 = {
			isa = PBXGroup;
			children = (
				61BB66DD2CCAE85100B4CDB8 /* Magalu Challenge */,
				61BB66EE2CCAE85500B4CDB8 /* Magalu ChallengeTests */,
				61BB66DC2CCAE85100B4CDB8 /* Products */,
				D60215BFE423CDB03B8652C7 /* Pods */,
				E1214A63459654CAA414F6B7 /* Frameworks */,
			);
			sourceTree = "<group>";
		};
		61BB66DC2CCAE85100B4CDB8 /* Products */ = {
			isa = PBXGroup;
			children = (
				61BB66DB2CCAE85100B4CDB8 /* Magalu Challenge.app */,
				61BB66EB2CCAE85500B4CDB8 /* Magalu ChallengeTests.xctest */,
			);
			name = Products;
			sourceTree = "<group>";
		};
		61BB66DD2CCAE85100B4CDB8 /* Magalu Challenge */ = {
			isa = PBXGroup;
			children = (
				98F1E2442CCD7792003CE49E /* Core */,
				9897B3E92CCC2A4600651C91 /* Data */,
				9897B3F22CCC2A4600651C91 /* Domain */,
				9897B3FD2CCC2B2700651C91 /* Presentation */,
				9897B3DF2CCC2A4600651C91 /* Service */,
				61BB66DE2CCAE85100B4CDB8 /* Magalu_ChallengeApp.swift */,
				9843F4FD2CCFBED600A01E27 /* Preview Content */,
				9843F4FA2CCFBE8900A01E27 /* Assets.xcassets */,
			);
			path = "Magalu Challenge";
			sourceTree = "<group>";
		};
		61BB66EE2CCAE85500B4CDB8 /* Magalu ChallengeTests */ = {
			isa = PBXGroup;
			children = (
				9843F5042CCFE5B800A01E27 /* Core */,
				98F1E25A2CCD79CA003CE49E /* Data */,
				98F1E24D2CCD7846003CE49E /* Domain */,
				98B793152CCE8DEB006769DF /* Presentation */,
				61BB66EF2CCAE85500B4CDB8 /* Magalu_ChallengeTests.swift */,
			);
			path = "Magalu ChallengeTests";
			sourceTree = "<group>";
		};
		9843F4FD2CCFBED600A01E27 /* Preview Content */ = {
			isa = PBXGroup;
			children = (
				9843F4FE2CCFBEFA00A01E27 /* Preview Assets.xcassets */,
			);
			path = "Preview Content";
			sourceTree = "<group>";
		};
		9843F5042CCFE5B800A01E27 /* Core */ = {
			isa = PBXGroup;
			children = (
				9843F5052CCFE5D500A01E27 /* TestDependencyInjector.swift */,
				9843F5072CCFE61E00A01E27 /* MockNetworkService.swift */,
				9843F5092CCFE6EC00A01E27 /* MockPopularListDataSource.swift */,
				9843F50B2CCFEAF600A01E27 /* MockGetPopularRepositoriesUseCase.swift */,
				9843F50E2CCFED1800A01E27 /* MockPopularListRepository.swift */,
				9843F5222CCFF33400A01E27 /* MockPullRequestsRepository.swift */,
				9843F52D2CCFF8E900A01E27 /* MockPullRequestsDataSource.swift */,
				9843F5362CCFFD0800A01E27 /* MockGetPullRequestsUseCase.swift */,
			);
			path = Core;
			sourceTree = "<group>";
		};
		9843F5112CCFEE7E00A01E27 /* PullRequests */ = {
			isa = PBXGroup;
			children = (
				9843F5302CCFF9FC00A01E27 /* Datasource */,
				9843F52A2CCFF88200A01E27 /* Repository */,
				9843F5252CCFF54400A01E27 /* Model */,
			);
			path = PullRequests;
			sourceTree = "<group>";
		};
		9843F5122CCFEE8F00A01E27 /* PullRequests */ = {
			isa = PBXGroup;
			children = (
				9843F5152CCFEEAC00A01E27 /* UseCase */,
				9843F5142CCFEEA500A01E27 /* Entity */,
			);
			path = PullRequests;
			sourceTree = "<group>";
		};
		9843F5132CCFEE9800A01E27 /* PullRequests */ = {
			isa = PBXGroup;
			children = (
				9843F5332CCFFCB700A01E27 /* ViewModel */,
			);
			path = PullRequests;
			sourceTree = "<group>";
		};
		9843F5142CCFEEA500A01E27 /* Entity */ = {
			isa = PBXGroup;
			children = (
				9843F51C2CCFEF8900A01E27 /* PullRequestUserEntityTests.swift */,
				9843F51E2CCFF00400A01E27 /* PullRequestEntityTests.swift */,
			);
			path = Entity;
			sourceTree = "<group>";
		};
		9843F5152CCFEEAC00A01E27 /* UseCase */ = {
			isa = PBXGroup;
			children = (
				9843F5202CCFF2C100A01E27 /* GetPullRequestsUseCaseTests.swift */,
			);
			path = UseCase;
			sourceTree = "<group>";
		};
		9843F5252CCFF54400A01E27 /* Model */ = {
			isa = PBXGroup;
			children = (
				9843F5262CCFF56000A01E27 /* PullRequestModelTests.swift */,
				9843F5282CCFF56D00A01E27 /* PullRequestUserModelTests.swift */,
			);
			path = Model;
			sourceTree = "<group>";
		};
		9843F52A2CCFF88200A01E27 /* Repository */ = {
			isa = PBXGroup;
			children = (
				9843F52B2CCFF89900A01E27 /* PullRequestsRepositoryTests.swift */,
			);
			path = Repository;
			sourceTree = "<group>";
		};
		9843F5302CCFF9FC00A01E27 /* Datasource */ = {
			isa = PBXGroup;
			children = (
				9843F5312CCFFA5D00A01E27 /* PullRequestsDatasourceTests.swift */,
			);
			path = Datasource;
			sourceTree = "<group>";
		};
		9843F5332CCFFCB700A01E27 /* ViewModel */ = {
			isa = PBXGroup;
			children = (
				9843F5342CCFFCC900A01E27 /* ListPullRequestsViewModelTests.swift */,
			);
			path = ViewModel;
			sourceTree = "<group>";
		};
		9897B3DE2CCC2A4600651C91 /* Network */ = {
			isa = PBXGroup;
			children = (
				9897B3DD2CCC2A4600651C91 /* NetworkService.swift */,
			);
			path = Network;
			sourceTree = "<group>";
		};
		9897B3DF2CCC2A4600651C91 /* Service */ = {
			isa = PBXGroup;
			children = (
				9897B3DE2CCC2A4600651C91 /* Network */,
			);
			path = Service;
			sourceTree = "<group>";
		};
		9897B3E12CCC2A4600651C91 /* Datasource */ = {
			isa = PBXGroup;
			children = (
				9897B3E02CCC2A4600651C91 /* PopularListDataSource.swift */,
			);
			path = Datasource;
			sourceTree = "<group>";
		};
		9897B3E52CCC2A4600651C91 /* Model */ = {
			isa = PBXGroup;
			children = (
				9897B3E22CCC2A4600651C91 /* OwnerModel.swift */,
				9897B3E32CCC2A4600651C91 /* PopularListModel.swift */,
				9897B3E42CCC2A4600651C91 /* RepositoryModel.swift */,
			);
			path = Model;
			sourceTree = "<group>";
		};
		9897B3E72CCC2A4600651C91 /* Repository */ = {
			isa = PBXGroup;
			children = (
				9897B3E62CCC2A4600651C91 /* PopularListRepository.swift */,
			);
			path = Repository;
			sourceTree = "<group>";
		};
		9897B3E82CCC2A4600651C91 /* PopularList */ = {
			isa = PBXGroup;
			children = (
				9897B3E12CCC2A4600651C91 /* Datasource */,
				9897B3E52CCC2A4600651C91 /* Model */,
				9897B3E72CCC2A4600651C91 /* Repository */,
			);
			path = PopularList;
			sourceTree = "<group>";
		};
		9897B3E92CCC2A4600651C91 /* Data */ = {
			isa = PBXGroup;
			children = (
				98B7931B2CCEA04A006769DF /* PullRequests */,
				9897B3E82CCC2A4600651C91 /* PopularList */,
			);
			path = Data;
			sourceTree = "<group>";
		};
		9897B3EC2CCC2A4600651C91 /* Entity */ = {
			isa = PBXGroup;
			children = (
				9897B3EA2CCC2A4600651C91 /* OwnerEntity.swift */,
				9897B3EB2CCC2A4600651C91 /* RepositoryEntity.swift */,
			);
			path = Entity;
			sourceTree = "<group>";
		};
		9897B3EE2CCC2A4600651C91 /* Repository */ = {
			isa = PBXGroup;
			children = (
				9897B3ED2CCC2A4600651C91 /* PopularListRepositoryProtocol.swift */,
			);
			path = Repository;
			sourceTree = "<group>";
		};
		9897B3F02CCC2A4600651C91 /* UseCase */ = {
			isa = PBXGroup;
			children = (
				9897B3EF2CCC2A4600651C91 /* GetPopularRepositoriesUseCase.swift */,
			);
			path = UseCase;
			sourceTree = "<group>";
		};
		9897B3F12CCC2A4600651C91 /* PopularList */ = {
			isa = PBXGroup;
			children = (
				9897B3EC2CCC2A4600651C91 /* Entity */,
				9897B3EE2CCC2A4600651C91 /* Repository */,
				9897B3F02CCC2A4600651C91 /* UseCase */,
			);
			path = PopularList;
			sourceTree = "<group>";
		};
		9897B3F22CCC2A4600651C91 /* Domain */ = {
			isa = PBXGroup;
			children = (
				98B7931C2CCEA064006769DF /* PullRequests */,
				9897B3F12CCC2A4600651C91 /* PopularList */,
			);
			path = Domain;
			sourceTree = "<group>";
		};
		9897B3FD2CCC2B2700651C91 /* Presentation */ = {
			isa = PBXGroup;
			children = (
				98E41E682CCEC82E00D28B98 /* Shared */,
				9897B3FE2CCC2B4400651C91 /* PopularList */,
				9897B4062CCC2E2800651C91 /* PullRequests */,
			);
			path = Presentation;
			sourceTree = "<group>";
		};
		9897B3FE2CCC2B4400651C91 /* PopularList */ = {
			isa = PBXGroup;
			children = (
				9897B4092CCC3D3C00651C91 /* ViewModel */,
				9897B3FF2CCC2B5500651C91 /* View */,
			);
			path = PopularList;
			sourceTree = "<group>";
		};
		9897B3FF2CCC2B5500651C91 /* View */ = {
			isa = PBXGroup;
			children = (
				9897B4002CCC2B7D00651C91 /* ItemRepositoryUIView.swift */,
				9897B4042CCC2D6500651C91 /* ListRepositoriesUIView.swift */,
			);
			path = View;
			sourceTree = "<group>";
		};
		9897B4062CCC2E2800651C91 /* PullRequests */ = {
			isa = PBXGroup;
			children = (
				98B7933C2CCEAC0E006769DF /* ViewModel */,
				98B7933B2CCEAC05006769DF /* View */,
			);
			path = PullRequests;
			sourceTree = "<group>";
		};
		9897B4092CCC3D3C00651C91 /* ViewModel */ = {
			isa = PBXGroup;
			children = (
				9897B40A2CCC3DA400651C91 /* ListRepositoriesViewModel.swift */,
			);
			path = ViewModel;
			sourceTree = "<group>";
		};
		98B793152CCE8DEB006769DF /* Presentation */ = {
			isa = PBXGroup;
			children = (
				9843F5132CCFEE9800A01E27 /* PullRequests */,
				98B793162CCE8E03006769DF /* PopularList */,
			);
			path = Presentation;
			sourceTree = "<group>";
		};
		98B793162CCE8E03006769DF /* PopularList */ = {
			isa = PBXGroup;
			children = (
				98B793172CCE8E10006769DF /* ViewModel */,
			);
			path = PopularList;
			sourceTree = "<group>";
		};
		98B793172CCE8E10006769DF /* ViewModel */ = {
			isa = PBXGroup;
			children = (
				98B793182CCE8E24006769DF /* ListViewModelTests.swift */,
			);
			path = ViewModel;
			sourceTree = "<group>";
		};
		98B7931B2CCEA04A006769DF /* PullRequests */ = {
			isa = PBXGroup;
			children = (
				98B793342CCEA95C006769DF /* Repository */,
				98B7932D2CCEA5B5006769DF /* Model */,
				98B793292CCEA1D3006769DF /* Datasource */,
			);
			path = PullRequests;
			sourceTree = "<group>";
		};
		98B7931C2CCEA064006769DF /* PullRequests */ = {
			isa = PBXGroup;
			children = (
				98B793252CCEA121006769DF /* Repository */,
				98B793212CCEA0BD006769DF /* Entity */,
				98B7931D2CCEA06F006769DF /* UseCase */,
			);
			path = PullRequests;
			sourceTree = "<group>";
		};
		98B7931D2CCEA06F006769DF /* UseCase */ = {
			isa = PBXGroup;
			children = (
				98B7931E2CCEA098006769DF /* GetPullRequestsUseCase.swift */,
			);
			path = UseCase;
			sourceTree = "<group>";
		};
		98B793212CCEA0BD006769DF /* Entity */ = {
			isa = PBXGroup;
			children = (
				98B793222CCEA0E4006769DF /* PullRequestEntity.swift */,
				98B793382CCEAA5F006769DF /* PullRequestUserEntity.swift */,
			);
			path = Entity;
			sourceTree = "<group>";
		};
		98B793252CCEA121006769DF /* Repository */ = {
			isa = PBXGroup;
			children = (
				98B793262CCEA13F006769DF /* PullRequestsRepositoryProtocol.swift */,
			);
			path = Repository;
			sourceTree = "<group>";
		};
		98B793292CCEA1D3006769DF /* Datasource */ = {
			isa = PBXGroup;
			children = (
				98B7932A2CCEA20F006769DF /* PullRequestsDatasource.swift */,
			);
			path = Datasource;
			sourceTree = "<group>";
		};
		98B7932D2CCEA5B5006769DF /* Model */ = {
			isa = PBXGroup;
			children = (
				98B7932E2CCEA5DA006769DF /* PullRequestModel.swift */,
				98B793312CCEA83E006769DF /* PullRequestUserModel.swift */,
			);
			path = Model;
			sourceTree = "<group>";
		};
		98B793342CCEA95C006769DF /* Repository */ = {
			isa = PBXGroup;
			children = (
				98B793352CCEA97C006769DF /* PullRequestsRepository.swift */,
			);
			path = Repository;
			sourceTree = "<group>";
		};
		98B7933B2CCEAC05006769DF /* View */ = {
			isa = PBXGroup;
			children = (
				9897B4072CCC2E6F00651C91 /* ListPullRequestsUIView.swift */,
				98B793442CCEAF4D006769DF /* ItemPullRequestUIView.swift */,
				9843F5392CD00E4F00A01E27 /* PullRequestWebViewUIView.swift */,
			);
			path = View;
			sourceTree = "<group>";
		};
		98B7933C2CCEAC0E006769DF /* ViewModel */ = {
			isa = PBXGroup;
			children = (
				98B7933D2CCEAC22006769DF /* ListPullRequestsViewModel.swift */,
			);
			path = ViewModel;
			sourceTree = "<group>";
		};
		98E41E682CCEC82E00D28B98 /* Shared */ = {
			isa = PBXGroup;
			children = (
				98E41E692CCEC84900D28B98 /* LoadingView.swift */,
			);
			path = Shared;
			sourceTree = "<group>";
		};
		98F1E2442CCD7792003CE49E /* Core */ = {
			isa = PBXGroup;
			children = (
				98F1E2432CCD7792003CE49E /* AppStrings.swift */,
				9843F5002CCFD96000A01E27 /* DependecyInjector.swift */,
			);
			path = Core;
			sourceTree = "<group>";
		};
		98F1E2492CCD7846003CE49E /* Entity */ = {
			isa = PBXGroup;
			children = (
				98F1E2472CCD7846003CE49E /* OwnerEntityTests.swift */,
				98F1E2482CCD7846003CE49E /* RepositoryEntityTests.swift */,
			);
			path = Entity;
			sourceTree = "<group>";
		};
		98F1E24B2CCD7846003CE49E /* UseCase */ = {
			isa = PBXGroup;
			children = (
				98F1E24A2CCD7846003CE49E /* GetPopularRepositoriesUseCaseTests.swift */,
			);
			path = UseCase;
			sourceTree = "<group>";
		};
		98F1E24C2CCD7846003CE49E /* PopularList */ = {
			isa = PBXGroup;
			children = (
				98F1E2492CCD7846003CE49E /* Entity */,
				98F1E24B2CCD7846003CE49E /* UseCase */,
			);
			path = PopularList;
			sourceTree = "<group>";
		};
		98F1E24D2CCD7846003CE49E /* Domain */ = {
			isa = PBXGroup;
			children = (
				9843F5122CCFEE8F00A01E27 /* PullRequests */,
				98F1E24C2CCD7846003CE49E /* PopularList */,
			);
			path = Domain;
			sourceTree = "<group>";
		};
		98F1E25A2CCD79CA003CE49E /* Data */ = {
			isa = PBXGroup;
			children = (
				9843F5112CCFEE7E00A01E27 /* PullRequests */,
				98F1E25B2CCD79D1003CE49E /* PopularList */,
			);
			path = Data;
			sourceTree = "<group>";
		};
		98F1E25B2CCD79D1003CE49E /* PopularList */ = {
			isa = PBXGroup;
			children = (
				98F1E2662CCDA106003CE49E /* Datasource */,
				98F1E2632CCD859E003CE49E /* Repository */,
				98F1E25C2CCD79DC003CE49E /* Model */,
			);
			path = PopularList;
			sourceTree = "<group>";
		};
		98F1E25C2CCD79DC003CE49E /* Model */ = {
			isa = PBXGroup;
			children = (
				98F1E25D2CCD7A4F003CE49E /* OwnerModelTests.swift */,
				98F1E25F2CCD7E30003CE49E /* RepositoryModelTests.swift */,
				98F1E2612CCD7F4E003CE49E /* PopularListModelTests.swift */,
			);
			path = Model;
			sourceTree = "<group>";
		};
		98F1E2632CCD859E003CE49E /* Repository */ = {
			isa = PBXGroup;
			children = (
				98F1E2642CCD85CC003CE49E /* PopularListRepositoryTests.swift */,
			);
			path = Repository;
			sourceTree = "<group>";
		};
		98F1E2662CCDA106003CE49E /* Datasource */ = {
			isa = PBXGroup;
			children = (
				98F1E2672CCDA11B003CE49E /* PopularListDataSourceTests.swift */,
			);
			path = Datasource;
			sourceTree = "<group>";
		};
		D60215BFE423CDB03B8652C7 /* Pods */ = {
			isa = PBXGroup;
			children = (
				A1BDFD2D7E75DD2B105A2FF3 /* Pods-Magalu Challenge.debug.xcconfig */,
				C42D73A2B6467D00663A4987 /* Pods-Magalu Challenge.release.xcconfig */,
				B2E8FC9252229FCE776F219A /* Pods-Magalu Challenge-Magalu ChallengeUITests.debug.xcconfig */,
				6A02CE3518D897759864C514 /* Pods-Magalu Challenge-Magalu ChallengeUITests.release.xcconfig */,
				EDF4BBB39A48F61385D6D226 /* Pods-Magalu ChallengeTests.debug.xcconfig */,
				2F0983B017B85468386468E2 /* Pods-Magalu ChallengeTests.release.xcconfig */,
			);
			path = Pods;
			sourceTree = "<group>";
		};
		E1214A63459654CAA414F6B7 /* Frameworks */ = {
			isa = PBXGroup;
			children = (
				4FF43A7FA509F320E0E00C61 /* Pods_Magalu_Challenge.framework */,
				F4AA5AA3A06E248FC83823C6 /* Pods_Magalu_Challenge_Magalu_ChallengeUITests.framework */,
				CF360A24822AD9515E584695 /* Pods_Magalu_ChallengeTests.framework */,
			);
			name = Frameworks;
			sourceTree = "<group>";
		};
/* End PBXGroup section */

/* Begin PBXNativeTarget section */
		61BB66DA2CCAE85100B4CDB8 /* Magalu Challenge */ = {
			isa = PBXNativeTarget;
			buildConfigurationList = 61BB66FF2CCAE85500B4CDB8 /* Build configuration list for PBXNativeTarget "Magalu Challenge" */;
			buildPhases = (
				9383A3664602961396D8B96E /* [CP] Check Pods Manifest.lock */,
				61BB66D72CCAE85100B4CDB8 /* Sources */,
				61BB66D82CCAE85100B4CDB8 /* Frameworks */,
				61BB66D92CCAE85100B4CDB8 /* Resources */,
				9189A83C298DA589B00993D9 /* [CP] Embed Pods Frameworks */,
			);
			buildRules = (
			);
			dependencies = (
			);
			name = "Magalu Challenge";
			productName = "Magalu Challenge";
			productReference = 61BB66DB2CCAE85100B4CDB8 /* Magalu Challenge.app */;
			productType = "com.apple.product-type.application";
		};
		61BB66EA2CCAE85500B4CDB8 /* Magalu ChallengeTests */ = {
			isa = PBXNativeTarget;
			buildConfigurationList = 61BB67022CCAE85500B4CDB8 /* Build configuration list for PBXNativeTarget "Magalu ChallengeTests" */;
			buildPhases = (
				D083733B916C698B896C3A79 /* [CP] Check Pods Manifest.lock */,
				61BB66E72CCAE85500B4CDB8 /* Sources */,
				61BB66E82CCAE85500B4CDB8 /* Frameworks */,
				61BB66E92CCAE85500B4CDB8 /* Resources */,
			);
			buildRules = (
			);
			dependencies = (
				61BB66ED2CCAE85500B4CDB8 /* PBXTargetDependency */,
			);
			name = "Magalu ChallengeTests";
			productName = "Magalu ChallengeTests";
			productReference = 61BB66EB2CCAE85500B4CDB8 /* Magalu ChallengeTests.xctest */;
			productType = "com.apple.product-type.bundle.unit-test";
		};
/* End PBXNativeTarget section */

/* Begin PBXProject section */
		61BB66D32CCAE85100B4CDB8 /* Project object */ = {
			isa = PBXProject;
			attributes = {
				BuildIndependentTargetsInParallel = 1;
				LastSwiftUpdateCheck = 1540;
				LastUpgradeCheck = 1540;
				TargetAttributes = {
					61BB66DA2CCAE85100B4CDB8 = {
						CreatedOnToolsVersion = 15.4;
					};
					61BB66EA2CCAE85500B4CDB8 = {
						CreatedOnToolsVersion = 15.4;
						TestTargetID = 61BB66DA2CCAE85100B4CDB8;
					};
				};
			};
			buildConfigurationList = 61BB66D62CCAE85100B4CDB8 /* Build configuration list for PBXProject "Magalu Challenge" */;
			compatibilityVersion = "Xcode 14.0";
			developmentRegion = en;
			hasScannedForEncodings = 0;
			knownRegions = (
				en,
				Base,
			);
			mainGroup = 61BB66D22CCAE85100B4CDB8;
			productRefGroup = 61BB66DC2CCAE85100B4CDB8 /* Products */;
			projectDirPath = "";
			projectRoot = "";
			targets = (
				61BB66DA2CCAE85100B4CDB8 /* Magalu Challenge */,
				61BB66EA2CCAE85500B4CDB8 /* Magalu ChallengeTests */,
			);
		};
/* End PBXProject section */

/* Begin PBXResourcesBuildPhase section */
		61BB66D92CCAE85100B4CDB8 /* Resources */ = {
			isa = PBXResourcesBuildPhase;
			buildActionMask = 2147483647;
			files = (
				9843F4FF2CCFBEFA00A01E27 /* Preview Assets.xcassets in Resources */,
				9843F4FB2CCFBE8900A01E27 /* Assets.xcassets in Resources */,
			);
			runOnlyForDeploymentPostprocessing = 0;
		};
		61BB66E92CCAE85500B4CDB8 /* Resources */ = {
			isa = PBXResourcesBuildPhase;
			buildActionMask = 2147483647;
			files = (
			);
			runOnlyForDeploymentPostprocessing = 0;
		};
/* End PBXResourcesBuildPhase section */

/* Begin PBXShellScriptBuildPhase section */
		9189A83C298DA589B00993D9 /* [CP] Embed Pods Frameworks */ = {
			isa = PBXShellScriptBuildPhase;
			buildActionMask = 2147483647;
			files = (
			);
			inputFileListPaths = (
				"${PODS_ROOT}/Target Support Files/Pods-Magalu Challenge/Pods-Magalu Challenge-frameworks-${CONFIGURATION}-input-files.xcfilelist",
			);
			name = "[CP] Embed Pods Frameworks";
			outputFileListPaths = (
				"${PODS_ROOT}/Target Support Files/Pods-Magalu Challenge/Pods-Magalu Challenge-frameworks-${CONFIGURATION}-output-files.xcfilelist",
			);
			runOnlyForDeploymentPostprocessing = 0;
			shellPath = /bin/sh;
			shellScript = "\"${PODS_ROOT}/Target Support Files/Pods-Magalu Challenge/Pods-Magalu Challenge-frameworks.sh\"\n";
			showEnvVarsInLog = 0;
		};
		9383A3664602961396D8B96E /* [CP] Check Pods Manifest.lock */ = {
			isa = PBXShellScriptBuildPhase;
			buildActionMask = 2147483647;
			files = (
			);
			inputFileListPaths = (
			);
			inputPaths = (
				"${PODS_PODFILE_DIR_PATH}/Podfile.lock",
				"${PODS_ROOT}/Manifest.lock",
			);
			name = "[CP] Check Pods Manifest.lock";
			outputFileListPaths = (
			);
			outputPaths = (
				"$(DERIVED_FILE_DIR)/Pods-Magalu Challenge-checkManifestLockResult.txt",
			);
			runOnlyForDeploymentPostprocessing = 0;
			shellPath = /bin/sh;
			shellScript = "diff \"${PODS_PODFILE_DIR_PATH}/Podfile.lock\" \"${PODS_ROOT}/Manifest.lock\" > /dev/null\nif [ $? != 0 ] ; then\n    # print error to STDERR\n    echo \"error: The sandbox is not in sync with the Podfile.lock. Run 'pod install' or update your CocoaPods installation.\" >&2\n    exit 1\nfi\n# This output is used by Xcode 'outputs' to avoid re-running this script phase.\necho \"SUCCESS\" > \"${SCRIPT_OUTPUT_FILE_0}\"\n";
			showEnvVarsInLog = 0;
		};
		D083733B916C698B896C3A79 /* [CP] Check Pods Manifest.lock */ = {
			isa = PBXShellScriptBuildPhase;
			buildActionMask = 2147483647;
			files = (
			);
			inputFileListPaths = (
			);
			inputPaths = (
				"${PODS_PODFILE_DIR_PATH}/Podfile.lock",
				"${PODS_ROOT}/Manifest.lock",
			);
			name = "[CP] Check Pods Manifest.lock";
			outputFileListPaths = (
			);
			outputPaths = (
				"$(DERIVED_FILE_DIR)/Pods-Magalu ChallengeTests-checkManifestLockResult.txt",
			);
			runOnlyForDeploymentPostprocessing = 0;
			shellPath = /bin/sh;
			shellScript = "diff \"${PODS_PODFILE_DIR_PATH}/Podfile.lock\" \"${PODS_ROOT}/Manifest.lock\" > /dev/null\nif [ $? != 0 ] ; then\n    # print error to STDERR\n    echo \"error: The sandbox is not in sync with the Podfile.lock. Run 'pod install' or update your CocoaPods installation.\" >&2\n    exit 1\nfi\n# This output is used by Xcode 'outputs' to avoid re-running this script phase.\necho \"SUCCESS\" > \"${SCRIPT_OUTPUT_FILE_0}\"\n";
			showEnvVarsInLog = 0;
		};
/* End PBXShellScriptBuildPhase section */

/* Begin PBXSourcesBuildPhase section */
		61BB66D72CCAE85100B4CDB8 /* Sources */ = {
			isa = PBXSourcesBuildPhase;
			buildActionMask = 2147483647;
			files = (
				9897B3F42CCC2A4600651C91 /* PopularListDataSource.swift in Sources */,
				9897B3F92CCC2A4600651C91 /* OwnerEntity.swift in Sources */,
				9843F5372CCFFD0800A01E27 /* MockGetPullRequestsUseCase.swift in Sources */,
				9897B3F62CCC2A4600651C91 /* PopularListModel.swift in Sources */,
				98B7932B2CCEA20F006769DF /* PullRequestsDatasource.swift in Sources */,
				9897B3F52CCC2A4600651C91 /* OwnerModel.swift in Sources */,
				98E41E6A2CCEC84900D28B98 /* LoadingView.swift in Sources */,
				9897B4012CCC2B7D00651C91 /* ItemRepositoryUIView.swift in Sources */,
				98B793232CCEA0E4006769DF /* PullRequestEntity.swift in Sources */,
				9897B3F32CCC2A4600651C91 /* NetworkService.swift in Sources */,
				98B793392CCEAA5F006769DF /* PullRequestUserEntity.swift in Sources */,
				98F1E2452CCD7792003CE49E /* AppStrings.swift in Sources */,
				98B7931F2CCEA098006769DF /* GetPullRequestsUseCase.swift in Sources */,
				9843F52E2CCFF8E900A01E27 /* MockPullRequestsDataSource.swift in Sources */,
				9897B3FC2CCC2A4600651C91 /* GetPopularRepositoriesUseCase.swift in Sources */,
				98B793452CCEAF4D006769DF /* ItemPullRequestUIView.swift in Sources */,
				9897B3FA2CCC2A4600651C91 /* RepositoryEntity.swift in Sources */,
				9897B3F82CCC2A4600651C91 /* PopularListRepository.swift in Sources */,
				9897B3FB2CCC2A4600651C91 /* PopularListRepositoryProtocol.swift in Sources */,
				9897B4082CCC2E6F00651C91 /* ListPullRequestsUIView.swift in Sources */,
				98B7933E2CCEAC22006769DF /* ListPullRequestsViewModel.swift in Sources */,
				98B793272CCEA13F006769DF /* PullRequestsRepositoryProtocol.swift in Sources */,
				98B793362CCEA97C006769DF /* PullRequestsRepository.swift in Sources */,
				9843F5012CCFD96000A01E27 /* DependecyInjector.swift in Sources */,
				9897B3F72CCC2A4600651C91 /* RepositoryModel.swift in Sources */,
				9843F50F2CCFED1800A01E27 /* MockPopularListRepository.swift in Sources */,
				98B793322CCEA83E006769DF /* PullRequestUserModel.swift in Sources */,
				9897B4052CCC2D6500651C91 /* ListRepositoriesUIView.swift in Sources */,
				61BB66DF2CCAE85100B4CDB8 /* Magalu_ChallengeApp.swift in Sources */,
				9843F5232CCFF33400A01E27 /* MockPullRequestsRepository.swift in Sources */,
				9897B40B2CCC3DA400651C91 /* ListRepositoriesViewModel.swift in Sources */,
				9843F50C2CCFEAF600A01E27 /* MockGetPopularRepositoriesUseCase.swift in Sources */,
				9843F53A2CD00E4F00A01E27 /* PullRequestWebViewUIView.swift in Sources */,
				98B7932F2CCEA5DA006769DF /* PullRequestModel.swift in Sources */,
			);
			runOnlyForDeploymentPostprocessing = 0;
		};
		61BB66E72CCAE85500B4CDB8 /* Sources */ = {
			isa = PBXSourcesBuildPhase;
			buildActionMask = 2147483647;
			files = (
				98F1E2552CCD787C003CE49E /* RepositoryEntity.swift in Sources */,
				9843F5212CCFF2C100A01E27 /* GetPullRequestsUseCaseTests.swift in Sources */,
				9843F52F2CCFF8E900A01E27 /* MockPullRequestsDataSource.swift in Sources */,
				9843F53B2CD00E4F00A01E27 /* PullRequestWebViewUIView.swift in Sources */,
				98F1E2502CCD7846003CE49E /* GetPopularRepositoriesUseCaseTests.swift in Sources */,
				98B793192CCE8E24006769DF /* ListViewModelTests.swift in Sources */,
				98F1E2542CCD7876003CE49E /* RepositoryModel.swift in Sources */,
				98B793462CCEAF4D006769DF /* ItemPullRequestUIView.swift in Sources */,
				9843F5102CCFED1800A01E27 /* MockPopularListRepository.swift in Sources */,
				98B793282CCEA13F006769DF /* PullRequestsRepositoryProtocol.swift in Sources */,
				9843F50A2CCFE6EC00A01E27 /* MockPopularListDataSource.swift in Sources */,
				98B7932C2CCEA20F006769DF /* PullRequestsDatasource.swift in Sources */,
				98F1E2582CCD78B8003CE49E /* PopularListRepository.swift in Sources */,
				98B793242CCEA0E4006769DF /* PullRequestEntity.swift in Sources */,
				98F1E2682CCDA11B003CE49E /* PopularListDataSourceTests.swift in Sources */,
				9843F50D2CCFEAF600A01E27 /* MockGetPopularRepositoriesUseCase.swift in Sources */,
				98B7933F2CCEAC22006769DF /* ListPullRequestsViewModel.swift in Sources */,
				9843F5292CCFF56D00A01E27 /* PullRequestUserModelTests.swift in Sources */,
				98B793202CCEA098006769DF /* GetPullRequestsUseCase.swift in Sources */,
				9843F5272CCFF56000A01E27 /* PullRequestModelTests.swift in Sources */,
				98F1E2562CCD7897003CE49E /* PopularListRepositoryProtocol.swift in Sources */,
				98F1E2572CCD78B1003CE49E /* GetPopularRepositoriesUseCase.swift in Sources */,
				98F1E24E2CCD7846003CE49E /* OwnerEntityTests.swift in Sources */,
				9843F5022CCFD96000A01E27 /* DependecyInjector.swift in Sources */,
				98F1E2592CCD78C1003CE49E /* PopularListDataSource.swift in Sources */,
				98B7933A2CCEAA5F006769DF /* PullRequestUserEntity.swift in Sources */,
				98B793302CCEA5DA006769DF /* PullRequestModel.swift in Sources */,
				98B7931A2CCE8F2C006769DF /* ListRepositoriesViewModel.swift in Sources */,
				98F1E2462CCD77C3003CE49E /* AppStrings.swift in Sources */,
				98F1E2622CCD7F4E003CE49E /* PopularListModelTests.swift in Sources */,
				9843F5082CCFE61E00A01E27 /* MockNetworkService.swift in Sources */,
				98F1E2512CCD7863003CE49E /* OwnerEntity.swift in Sources */,
				98B793332CCEA83E006769DF /* PullRequestUserModel.swift in Sources */,
				98F1E2532CCD7874003CE49E /* PopularListModel.swift in Sources */,
				9843F5382CCFFD0800A01E27 /* MockGetPullRequestsUseCase.swift in Sources */,
				9843F5242CCFF33400A01E27 /* MockPullRequestsRepository.swift in Sources */,
				98F1E2422CCD7774003CE49E /* NetworkService.swift in Sources */,
				9843F5352CCFFCC900A01E27 /* ListPullRequestsViewModelTests.swift in Sources */,
				9843F5062CCFE5D500A01E27 /* TestDependencyInjector.swift in Sources */,
				98F1E24F2CCD7846003CE49E /* RepositoryEntityTests.swift in Sources */,
				9843F51D2CCFEF8900A01E27 /* PullRequestUserEntityTests.swift in Sources */,
				61BB66F02CCAE85500B4CDB8 /* Magalu_ChallengeTests.swift in Sources */,
				98B793372CCEA97C006769DF /* PullRequestsRepository.swift in Sources */,
				9843F52C2CCFF89900A01E27 /* PullRequestsRepositoryTests.swift in Sources */,
				9843F5322CCFFA5D00A01E27 /* PullRequestsDatasourceTests.swift in Sources */,
				98F1E2522CCD7872003CE49E /* OwnerModel.swift in Sources */,
				98F1E25E2CCD7A4F003CE49E /* OwnerModelTests.swift in Sources */,
				9843F51F2CCFF00400A01E27 /* PullRequestEntityTests.swift in Sources */,
				98F1E2652CCD85CC003CE49E /* PopularListRepositoryTests.swift in Sources */,
				98F1E2602CCD7E30003CE49E /* RepositoryModelTests.swift in Sources */,
			);
			runOnlyForDeploymentPostprocessing = 0;
		};
/* End PBXSourcesBuildPhase section */

/* Begin PBXTargetDependency section */
		61BB66ED2CCAE85500B4CDB8 /* PBXTargetDependency */ = {
			isa = PBXTargetDependency;
			target = 61BB66DA2CCAE85100B4CDB8 /* Magalu Challenge */;
			targetProxy = 61BB66EC2CCAE85500B4CDB8 /* PBXContainerItemProxy */;
		};
/* End PBXTargetDependency section */

/* Begin XCBuildConfiguration section */
		61BB66FD2CCAE85500B4CDB8 /* Debug */ = {
			isa = XCBuildConfiguration;
			buildSettings = {
				ALWAYS_SEARCH_USER_PATHS = NO;
				ASSETCATALOG_COMPILER_GENERATE_SWIFT_ASSET_SYMBOL_EXTENSIONS = YES;
				CLANG_ANALYZER_NONNULL = YES;
				CLANG_ANALYZER_NUMBER_OBJECT_CONVERSION = YES_AGGRESSIVE;
				CLANG_CXX_LANGUAGE_STANDARD = "gnu++20";
				CLANG_ENABLE_MODULES = YES;
				CLANG_ENABLE_OBJC_ARC = YES;
				CLANG_ENABLE_OBJC_WEAK = YES;
				CLANG_WARN_BLOCK_CAPTURE_AUTORELEASING = YES;
				CLANG_WARN_BOOL_CONVERSION = YES;
				CLANG_WARN_COMMA = YES;
				CLANG_WARN_CONSTANT_CONVERSION = YES;
				CLANG_WARN_DEPRECATED_OBJC_IMPLEMENTATIONS = YES;
				CLANG_WARN_DIRECT_OBJC_ISA_USAGE = YES_ERROR;
				CLANG_WARN_DOCUMENTATION_COMMENTS = YES;
				CLANG_WARN_EMPTY_BODY = YES;
				CLANG_WARN_ENUM_CONVERSION = YES;
				CLANG_WARN_INFINITE_RECURSION = YES;
				CLANG_WARN_INT_CONVERSION = YES;
				CLANG_WARN_NON_LITERAL_NULL_CONVERSION = YES;
				CLANG_WARN_OBJC_IMPLICIT_RETAIN_SELF = YES;
				CLANG_WARN_OBJC_LITERAL_CONVERSION = YES;
				CLANG_WARN_OBJC_ROOT_CLASS = YES_ERROR;
				CLANG_WARN_QUOTED_INCLUDE_IN_FRAMEWORK_HEADER = YES;
				CLANG_WARN_RANGE_LOOP_ANALYSIS = YES;
				CLANG_WARN_STRICT_PROTOTYPES = YES;
				CLANG_WARN_SUSPICIOUS_MOVE = YES;
				CLANG_WARN_UNGUARDED_AVAILABILITY = YES_AGGRESSIVE;
				CLANG_WARN_UNREACHABLE_CODE = YES;
				CLANG_WARN__DUPLICATE_METHOD_MATCH = YES;
				COPY_PHASE_STRIP = NO;
				DEBUG_INFORMATION_FORMAT = dwarf;
				ENABLE_STRICT_OBJC_MSGSEND = YES;
				ENABLE_TESTABILITY = YES;
				ENABLE_USER_SCRIPT_SANDBOXING = YES;
				GCC_C_LANGUAGE_STANDARD = gnu17;
				GCC_DYNAMIC_NO_PIC = NO;
				GCC_NO_COMMON_BLOCKS = YES;
				GCC_OPTIMIZATION_LEVEL = 0;
				GCC_PREPROCESSOR_DEFINITIONS = (
					"DEBUG=1",
					"$(inherited)",
				);
				GCC_WARN_64_TO_32_BIT_CONVERSION = YES;
				GCC_WARN_ABOUT_RETURN_TYPE = YES_ERROR;
				GCC_WARN_UNDECLARED_SELECTOR = YES;
				GCC_WARN_UNINITIALIZED_AUTOS = YES_AGGRESSIVE;
				GCC_WARN_UNUSED_FUNCTION = YES;
				GCC_WARN_UNUSED_VARIABLE = YES;
				IPHONEOS_DEPLOYMENT_TARGET = 17.5;
				LOCALIZATION_PREFERS_STRING_CATALOGS = YES;
				MTL_ENABLE_DEBUG_INFO = INCLUDE_SOURCE;
				MTL_FAST_MATH = YES;
				ONLY_ACTIVE_ARCH = YES;
				SDKROOT = iphoneos;
				SWIFT_ACTIVE_COMPILATION_CONDITIONS = "DEBUG $(inherited)";
				SWIFT_OPTIMIZATION_LEVEL = "-Onone";
			};
			name = Debug;
		};
		61BB66FE2CCAE85500B4CDB8 /* Release */ = {
			isa = XCBuildConfiguration;
			buildSettings = {
				ALWAYS_SEARCH_USER_PATHS = NO;
				ASSETCATALOG_COMPILER_GENERATE_SWIFT_ASSET_SYMBOL_EXTENSIONS = YES;
				CLANG_ANALYZER_NONNULL = YES;
				CLANG_ANALYZER_NUMBER_OBJECT_CONVERSION = YES_AGGRESSIVE;
				CLANG_CXX_LANGUAGE_STANDARD = "gnu++20";
				CLANG_ENABLE_MODULES = YES;
				CLANG_ENABLE_OBJC_ARC = YES;
				CLANG_ENABLE_OBJC_WEAK = YES;
				CLANG_WARN_BLOCK_CAPTURE_AUTORELEASING = YES;
				CLANG_WARN_BOOL_CONVERSION = YES;
				CLANG_WARN_COMMA = YES;
				CLANG_WARN_CONSTANT_CONVERSION = YES;
				CLANG_WARN_DEPRECATED_OBJC_IMPLEMENTATIONS = YES;
				CLANG_WARN_DIRECT_OBJC_ISA_USAGE = YES_ERROR;
				CLANG_WARN_DOCUMENTATION_COMMENTS = YES;
				CLANG_WARN_EMPTY_BODY = YES;
				CLANG_WARN_ENUM_CONVERSION = YES;
				CLANG_WARN_INFINITE_RECURSION = YES;
				CLANG_WARN_INT_CONVERSION = YES;
				CLANG_WARN_NON_LITERAL_NULL_CONVERSION = YES;
				CLANG_WARN_OBJC_IMPLICIT_RETAIN_SELF = YES;
				CLANG_WARN_OBJC_LITERAL_CONVERSION = YES;
				CLANG_WARN_OBJC_ROOT_CLASS = YES_ERROR;
				CLANG_WARN_QUOTED_INCLUDE_IN_FRAMEWORK_HEADER = YES;
				CLANG_WARN_RANGE_LOOP_ANALYSIS = YES;
				CLANG_WARN_STRICT_PROTOTYPES = YES;
				CLANG_WARN_SUSPICIOUS_MOVE = YES;
				CLANG_WARN_UNGUARDED_AVAILABILITY = YES_AGGRESSIVE;
				CLANG_WARN_UNREACHABLE_CODE = YES;
				CLANG_WARN__DUPLICATE_METHOD_MATCH = YES;
				COPY_PHASE_STRIP = NO;
				DEBUG_INFORMATION_FORMAT = "dwarf-with-dsym";
				ENABLE_NS_ASSERTIONS = NO;
				ENABLE_STRICT_OBJC_MSGSEND = YES;
				ENABLE_USER_SCRIPT_SANDBOXING = YES;
				GCC_C_LANGUAGE_STANDARD = gnu17;
				GCC_NO_COMMON_BLOCKS = YES;
				GCC_WARN_64_TO_32_BIT_CONVERSION = YES;
				GCC_WARN_ABOUT_RETURN_TYPE = YES_ERROR;
				GCC_WARN_UNDECLARED_SELECTOR = YES;
				GCC_WARN_UNINITIALIZED_AUTOS = YES_AGGRESSIVE;
				GCC_WARN_UNUSED_FUNCTION = YES;
				GCC_WARN_UNUSED_VARIABLE = YES;
				IPHONEOS_DEPLOYMENT_TARGET = 17.5;
				LOCALIZATION_PREFERS_STRING_CATALOGS = YES;
				MTL_ENABLE_DEBUG_INFO = NO;
				MTL_FAST_MATH = YES;
				SDKROOT = iphoneos;
				SWIFT_COMPILATION_MODE = wholemodule;
				VALIDATE_PRODUCT = YES;
			};
			name = Release;
		};
		61BB67002CCAE85500B4CDB8 /* Debug */ = {
			isa = XCBuildConfiguration;
			baseConfigurationReference = A1BDFD2D7E75DD2B105A2FF3 /* Pods-Magalu Challenge.debug.xcconfig */;
			buildSettings = {
				ASSETCATALOG_COMPILER_APPICON_NAME = AppIcon;
				ASSETCATALOG_COMPILER_GLOBAL_ACCENT_COLOR_NAME = AccentColor;
				CODE_SIGN_STYLE = Automatic;
				CURRENT_PROJECT_VERSION = 1;
				DEVELOPMENT_ASSET_PATHS = "\"Magalu Challenge/Preview Content\"";
				ENABLE_PREVIEWS = YES;
				ENABLE_USER_SCRIPT_SANDBOXING = NO;
				GENERATE_INFOPLIST_FILE = YES;
				INFOPLIST_KEY_UIApplicationSceneManifest_Generation = YES;
				INFOPLIST_KEY_UIApplicationSupportsIndirectInputEvents = YES;
				INFOPLIST_KEY_UILaunchScreen_Generation = YES;
				INFOPLIST_KEY_UISupportedInterfaceOrientations_iPad = "UIInterfaceOrientationPortrait UIInterfaceOrientationPortraitUpsideDown UIInterfaceOrientationLandscapeLeft UIInterfaceOrientationLandscapeRight";
				INFOPLIST_KEY_UISupportedInterfaceOrientations_iPhone = "UIInterfaceOrientationPortrait UIInterfaceOrientationLandscapeLeft UIInterfaceOrientationLandscapeRight";
				LD_RUNPATH_SEARCH_PATHS = (
					"$(inherited)",
					"@executable_path/Frameworks",
				);
				MARKETING_VERSION = 1.0;
				PRODUCT_BUNDLE_IDENTIFIER = "com.rtn.catskillet.Magalu-Challenge";
				PRODUCT_NAME = "$(TARGET_NAME)";
				SWIFT_EMIT_LOC_STRINGS = YES;
				SWIFT_VERSION = 5.0;
				TARGETED_DEVICE_FAMILY = "1,2";
			};
			name = Debug;
		};
		61BB67012CCAE85500B4CDB8 /* Release */ = {
			isa = XCBuildConfiguration;
			baseConfigurationReference = C42D73A2B6467D00663A4987 /* Pods-Magalu Challenge.release.xcconfig */;
			buildSettings = {
				ASSETCATALOG_COMPILER_APPICON_NAME = AppIcon;
				ASSETCATALOG_COMPILER_GLOBAL_ACCENT_COLOR_NAME = AccentColor;
				CODE_SIGN_STYLE = Automatic;
				CURRENT_PROJECT_VERSION = 1;
				DEVELOPMENT_ASSET_PATHS = "\"Magalu Challenge/Preview Content\"";
				ENABLE_PREVIEWS = YES;
				ENABLE_USER_SCRIPT_SANDBOXING = NO;
				GENERATE_INFOPLIST_FILE = YES;
				INFOPLIST_KEY_UIApplicationSceneManifest_Generation = YES;
				INFOPLIST_KEY_UIApplicationSupportsIndirectInputEvents = YES;
				INFOPLIST_KEY_UILaunchScreen_Generation = YES;
				INFOPLIST_KEY_UISupportedInterfaceOrientations_iPad = "UIInterfaceOrientationPortrait UIInterfaceOrientationPortraitUpsideDown UIInterfaceOrientationLandscapeLeft UIInterfaceOrientationLandscapeRight";
				INFOPLIST_KEY_UISupportedInterfaceOrientations_iPhone = "UIInterfaceOrientationPortrait UIInterfaceOrientationLandscapeLeft UIInterfaceOrientationLandscapeRight";
				LD_RUNPATH_SEARCH_PATHS = (
					"$(inherited)",
					"@executable_path/Frameworks",
				);
				MARKETING_VERSION = 1.0;
				PRODUCT_BUNDLE_IDENTIFIER = "com.rtn.catskillet.Magalu-Challenge";
				PRODUCT_NAME = "$(TARGET_NAME)";
				SWIFT_EMIT_LOC_STRINGS = YES;
				SWIFT_VERSION = 5.0;
				TARGETED_DEVICE_FAMILY = "1,2";
			};
			name = Release;
		};
		61BB67032CCAE85500B4CDB8 /* Debug */ = {
			isa = XCBuildConfiguration;
			baseConfigurationReference = EDF4BBB39A48F61385D6D226 /* Pods-Magalu ChallengeTests.debug.xcconfig */;
			buildSettings = {
				ALWAYS_EMBED_SWIFT_STANDARD_LIBRARIES = YES;
				BUNDLE_LOADER = "$(TEST_HOST)";
				CODE_SIGN_STYLE = Automatic;
				CURRENT_PROJECT_VERSION = 1;
				ENABLE_USER_SCRIPT_SANDBOXING = NO;
				GENERATE_INFOPLIST_FILE = YES;
				IPHONEOS_DEPLOYMENT_TARGET = 17.5;
				MARKETING_VERSION = 1.0;
				PRODUCT_BUNDLE_IDENTIFIER = "com.rtn.catskillet.Magalu-ChallengeTests";
				PRODUCT_NAME = "$(TARGET_NAME)";
				SWIFT_EMIT_LOC_STRINGS = NO;
				SWIFT_VERSION = 5.0;
				TARGETED_DEVICE_FAMILY = "1,2";
				TEST_HOST = "$(BUILT_PRODUCTS_DIR)/Magalu Challenge.app/$(BUNDLE_EXECUTABLE_FOLDER_PATH)/Magalu Challenge";
			};
			name = Debug;
		};
		61BB67042CCAE85500B4CDB8 /* Release */ = {
			isa = XCBuildConfiguration;
			baseConfigurationReference = 2F0983B017B85468386468E2 /* Pods-Magalu ChallengeTests.release.xcconfig */;
			buildSettings = {
				ALWAYS_EMBED_SWIFT_STANDARD_LIBRARIES = YES;
				BUNDLE_LOADER = "$(TEST_HOST)";
				CODE_SIGN_STYLE = Automatic;
				CURRENT_PROJECT_VERSION = 1;
				ENABLE_USER_SCRIPT_SANDBOXING = NO;
				GENERATE_INFOPLIST_FILE = YES;
				IPHONEOS_DEPLOYMENT_TARGET = 17.5;
				MARKETING_VERSION = 1.0;
				PRODUCT_BUNDLE_IDENTIFIER = "com.rtn.catskillet.Magalu-ChallengeTests";
				PRODUCT_NAME = "$(TARGET_NAME)";
				SWIFT_EMIT_LOC_STRINGS = NO;
				SWIFT_VERSION = 5.0;
				TARGETED_DEVICE_FAMILY = "1,2";
				TEST_HOST = "$(BUILT_PRODUCTS_DIR)/Magalu Challenge.app/$(BUNDLE_EXECUTABLE_FOLDER_PATH)/Magalu Challenge";
			};
			name = Release;
		};
/* End XCBuildConfiguration section */

/* Begin XCConfigurationList section */
		61BB66D62CCAE85100B4CDB8 /* Build configuration list for PBXProject "Magalu Challenge" */ = {
			isa = XCConfigurationList;
			buildConfigurations = (
				61BB66FD2CCAE85500B4CDB8 /* Debug */,
				61BB66FE2CCAE85500B4CDB8 /* Release */,
			);
			defaultConfigurationIsVisible = 0;
			defaultConfigurationName = Release;
		};
		61BB66FF2CCAE85500B4CDB8 /* Build configuration list for PBXNativeTarget "Magalu Challenge" */ = {
			isa = XCConfigurationList;
			buildConfigurations = (
				61BB67002CCAE85500B4CDB8 /* Debug */,
				61BB67012CCAE85500B4CDB8 /* Release */,
			);
			defaultConfigurationIsVisible = 0;
			defaultConfigurationName = Release;
		};
		61BB67022CCAE85500B4CDB8 /* Build configuration list for PBXNativeTarget "Magalu ChallengeTests" */ = {
			isa = XCConfigurationList;
			buildConfigurations = (
				61BB67032CCAE85500B4CDB8 /* Debug */,
				61BB67042CCAE85500B4CDB8 /* Release */,
			);
			defaultConfigurationIsVisible = 0;
			defaultConfigurationName = Release;
		};
/* End XCConfigurationList section */
	};
	rootObject = 61BB66D32CCAE85100B4CDB8 /* Project object */;
}
